// !$*UTF8*$!
{
	archiveVersion = 1;
	classes = {
	};
	objectVersion = 55;
	objects = {

/* Begin PBXBuildFile section */
		F71F309127D1113B0066E4B9 /* CellUICollectionViewCell.swift in Sources */ = {isa = PBXBuildFile; fileRef = F71F309027D1113B0066E4B9 /* CellUICollectionViewCell.swift */; };
		F71F309A27D1B4DC0066E4B9 /* MainViewController.swift in Sources */ = {isa = PBXBuildFile; fileRef = F71F309927D1B4DC0066E4B9 /* MainViewController.swift */; };
		F7B35F8B27CC69EA008E7A9A /* CustomView.swift in Sources */ = {isa = PBXBuildFile; fileRef = F7B35F8A27CC69EA008E7A9A /* CustomView.swift */; };
		F7B35F8D27CC69F6008E7A9A /* CustomView.xib in Resources */ = {isa = PBXBuildFile; fileRef = F7B35F8C27CC69F6008E7A9A /* CustomView.xib */; };
		F7C7413D27C2A52100079F17 /* AppDelegate.swift in Sources */ = {isa = PBXBuildFile; fileRef = F7C7413C27C2A52100079F17 /* AppDelegate.swift */; };
		F7C7413F27C2A52100079F17 /* SceneDelegate.swift in Sources */ = {isa = PBXBuildFile; fileRef = F7C7413E27C2A52100079F17 /* SceneDelegate.swift */; };
		F7C7414127C2A52100079F17 /* HistoryViewController.swift in Sources */ = {isa = PBXBuildFile; fileRef = F7C7414027C2A52100079F17 /* HistoryViewController.swift */; };
		F7C7414427C2A52100079F17 /* Main.storyboard in Resources */ = {isa = PBXBuildFile; fileRef = F7C7414227C2A52100079F17 /* Main.storyboard */; };
		F7C7414627C2A52200079F17 /* Assets.xcassets in Resources */ = {isa = PBXBuildFile; fileRef = F7C7414527C2A52200079F17 /* Assets.xcassets */; };
		F7C7414927C2A52200079F17 /* LaunchScreen.storyboard in Resources */ = {isa = PBXBuildFile; fileRef = F7C7414727C2A52200079F17 /* LaunchScreen.storyboard */; };
		F7C7415427C2A52200079F17 /* CardDiary_220221Tests.swift in Sources */ = {isa = PBXBuildFile; fileRef = F7C7415327C2A52200079F17 /* CardDiary_220221Tests.swift */; };
		F7C7415E27C2A52200079F17 /* CardDiary_220221UITests.swift in Sources */ = {isa = PBXBuildFile; fileRef = F7C7415D27C2A52200079F17 /* CardDiary_220221UITests.swift */; };
		F7C7416027C2A52200079F17 /* CardDiary_220221UITestsLaunchTests.swift in Sources */ = {isa = PBXBuildFile; fileRef = F7C7415F27C2A52200079F17 /* CardDiary_220221UITestsLaunchTests.swift */; };
/* End PBXBuildFile section */

/* Begin PBXContainerItemProxy section */
		F7C7415027C2A52200079F17 /* PBXContainerItemProxy */ = {
			isa = PBXContainerItemProxy;
			containerPortal = F7C7413127C2A52000079F17 /* Project object */;
			proxyType = 1;
			remoteGlobalIDString = F7C7413827C2A52100079F17;
			remoteInfo = CardDiary_220221;
		};
		F7C7415A27C2A52200079F17 /* PBXContainerItemProxy */ = {
			isa = PBXContainerItemProxy;
			containerPortal = F7C7413127C2A52000079F17 /* Project object */;
			proxyType = 1;
			remoteGlobalIDString = F7C7413827C2A52100079F17;
			remoteInfo = CardDiary_220221;
		};
/* End PBXContainerItemProxy section */

/* Begin PBXFileReference section */
		F71F309027D1113B0066E4B9 /* CellUICollectionViewCell.swift */ = {isa = PBXFileReference; lastKnownFileType = sourcecode.swift; path = CellUICollectionViewCell.swift; sourceTree = "<group>"; };
		F71F309927D1B4DC0066E4B9 /* MainViewController.swift */ = {isa = PBXFileReference; lastKnownFileType = sourcecode.swift; path = MainViewController.swift; sourceTree = "<group>"; };
		F7B35F8A27CC69EA008E7A9A /* CustomView.swift */ = {isa = PBXFileReference; lastKnownFileType = sourcecode.swift; path = CustomView.swift; sourceTree = "<group>"; };
		F7B35F8C27CC69F6008E7A9A /* CustomView.xib */ = {isa = PBXFileReference; lastKnownFileType = file.xib; path = CustomView.xib; sourceTree = "<group>"; };
		F7C7413927C2A52100079F17 /* CardDiary_220221.app */ = {isa = PBXFileReference; explicitFileType = wrapper.application; includeInIndex = 0; path = CardDiary_220221.app; sourceTree = BUILT_PRODUCTS_DIR; };
		F7C7413C27C2A52100079F17 /* AppDelegate.swift */ = {isa = PBXFileReference; lastKnownFileType = sourcecode.swift; path = AppDelegate.swift; sourceTree = "<group>"; };
		F7C7413E27C2A52100079F17 /* SceneDelegate.swift */ = {isa = PBXFileReference; lastKnownFileType = sourcecode.swift; path = SceneDelegate.swift; sourceTree = "<group>"; };
		F7C7414027C2A52100079F17 /* HistoryViewController.swift */ = {isa = PBXFileReference; lastKnownFileType = sourcecode.swift; path = HistoryViewController.swift; sourceTree = "<group>"; };
		F7C7414327C2A52100079F17 /* Base */ = {isa = PBXFileReference; lastKnownFileType = file.storyboard; name = Base; path = Base.lproj/Main.storyboard; sourceTree = "<group>"; };
		F7C7414527C2A52200079F17 /* Assets.xcassets */ = {isa = PBXFileReference; lastKnownFileType = folder.assetcatalog; path = Assets.xcassets; sourceTree = "<group>"; };
		F7C7414827C2A52200079F17 /* Base */ = {isa = PBXFileReference; lastKnownFileType = file.storyboard; name = Base; path = Base.lproj/LaunchScreen.storyboard; sourceTree = "<group>"; };
		F7C7414A27C2A52200079F17 /* Info.plist */ = {isa = PBXFileReference; lastKnownFileType = text.plist.xml; path = Info.plist; sourceTree = "<group>"; };
		F7C7414F27C2A52200079F17 /* CardDiary_220221Tests.xctest */ = {isa = PBXFileReference; explicitFileType = wrapper.cfbundle; includeInIndex = 0; path = CardDiary_220221Tests.xctest; sourceTree = BUILT_PRODUCTS_DIR; };
		F7C7415327C2A52200079F17 /* CardDiary_220221Tests.swift */ = {isa = PBXFileReference; lastKnownFileType = sourcecode.swift; path = CardDiary_220221Tests.swift; sourceTree = "<group>"; };
		F7C7415927C2A52200079F17 /* CardDiary_220221UITests.xctest */ = {isa = PBXFileReference; explicitFileType = wrapper.cfbundle; includeInIndex = 0; path = CardDiary_220221UITests.xctest; sourceTree = BUILT_PRODUCTS_DIR; };
		F7C7415D27C2A52200079F17 /* CardDiary_220221UITests.swift */ = {isa = PBXFileReference; lastKnownFileType = sourcecode.swift; path = CardDiary_220221UITests.swift; sourceTree = "<group>"; };
		F7C7415F27C2A52200079F17 /* CardDiary_220221UITestsLaunchTests.swift */ = {isa = PBXFileReference; lastKnownFileType = sourcecode.swift; path = CardDiary_220221UITestsLaunchTests.swift; sourceTree = "<group>"; };
/* End PBXFileReference section */

/* Begin PBXFrameworksBuildPhase section */
		F7C7413627C2A52100079F17 /* Frameworks */ = {
			isa = PBXFrameworksBuildPhase;
			buildActionMask = 2147483647;
			files = (
			);
			runOnlyForDeploymentPostprocessing = 0;
		};
		F7C7414C27C2A52200079F17 /* Frameworks */ = {
			isa = PBXFrameworksBuildPhase;
			buildActionMask = 2147483647;
			files = (
			);
			runOnlyForDeploymentPostprocessing = 0;
		};
		F7C7415627C2A52200079F17 /* Frameworks */ = {
			isa = PBXFrameworksBuildPhase;
			buildActionMask = 2147483647;
			files = (
			);
			runOnlyForDeploymentPostprocessing = 0;
		};
/* End PBXFrameworksBuildPhase section */

/* Begin PBXGroup section */
		F71F309227D112770066E4B9 /* CustomView */ = {
			isa = PBXGroup;
			children = (
				F7B35F8C27CC69F6008E7A9A /* CustomView.xib */,
				F7B35F8A27CC69EA008E7A9A /* CustomView.swift */,
			);
			path = CustomView;
			sourceTree = "<group>";
		};
		F71F309427D112C80066E4B9 /* CollectionView_ViewCell */ = {
			isa = PBXGroup;
			children = (
				F71F309027D1113B0066E4B9 /* CellUICollectionViewCell.swift */,
			);
			path = CollectionView_ViewCell;
			sourceTree = "<group>";
		};
		F7C7413027C2A52000079F17 = {
			isa = PBXGroup;
			children = (
				F7C7413B27C2A52100079F17 /* CardDiary_220221 */,
				F7C7415227C2A52200079F17 /* CardDiary_220221Tests */,
				F7C7415C27C2A52200079F17 /* CardDiary_220221UITests */,
				F7C7413A27C2A52100079F17 /* Products */,
			);
			sourceTree = "<group>";
		};
		F7C7413A27C2A52100079F17 /* Products */ = {
			isa = PBXGroup;
			children = (
				F7C7413927C2A52100079F17 /* CardDiary_220221.app */,
				F7C7414F27C2A52200079F17 /* CardDiary_220221Tests.xctest */,
				F7C7415927C2A52200079F17 /* CardDiary_220221UITests.xctest */,
			);
			name = Products;
			sourceTree = "<group>";
		};
		F7C7413B27C2A52100079F17 /* CardDiary_220221 */ = {
			isa = PBXGroup;
			children = (
				F7C7414227C2A52100079F17 /* Main.storyboard */,
				F71F309927D1B4DC0066E4B9 /* MainViewController.swift */,
				F7C7414027C2A52100079F17 /* HistoryViewController.swift */,
				F71F309227D112770066E4B9 /* CustomView */,
				F71F309427D112C80066E4B9 /* CollectionView_ViewCell */,
				F7C7413E27C2A52100079F17 /* SceneDelegate.swift */,
				F7C7414727C2A52200079F17 /* LaunchScreen.storyboard */,
				F7C7413C27C2A52100079F17 /* AppDelegate.swift */,
				F7C7414527C2A52200079F17 /* Assets.xcassets */,
				F7C7414A27C2A52200079F17 /* Info.plist */,
			);
			path = CardDiary_220221;
			sourceTree = "<group>";
		};
		F7C7415227C2A52200079F17 /* CardDiary_220221Tests */ = {
			isa = PBXGroup;
			children = (
				F7C7415327C2A52200079F17 /* CardDiary_220221Tests.swift */,
			);
			path = CardDiary_220221Tests;
			sourceTree = "<group>";
		};
		F7C7415C27C2A52200079F17 /* CardDiary_220221UITests */ = {
			isa = PBXGroup;
			children = (
				F7C7415D27C2A52200079F17 /* CardDiary_220221UITests.swift */,
				F7C7415F27C2A52200079F17 /* CardDiary_220221UITestsLaunchTests.swift */,
			);
			path = CardDiary_220221UITests;
			sourceTree = "<group>";
		};
/* End PBXGroup section */

/* Begin PBXNativeTarget section */
		F7C7413827C2A52100079F17 /* CardDiary_220221 */ = {
			isa = PBXNativeTarget;
			buildConfigurationList = F7C7416327C2A52200079F17 /* Build configuration list for PBXNativeTarget "CardDiary_220221" */;
			buildPhases = (
				F7C7413527C2A52100079F17 /* Sources */,
				F7C7413627C2A52100079F17 /* Frameworks */,
				F7C7413727C2A52100079F17 /* Resources */,
			);
			buildRules = (
			);
			dependencies = (
			);
			name = CardDiary_220221;
			productName = CardDiary_220221;
			productReference = F7C7413927C2A52100079F17 /* CardDiary_220221.app */;
			productType = "com.apple.product-type.application";
		};
		F7C7414E27C2A52200079F17 /* CardDiary_220221Tests */ = {
			isa = PBXNativeTarget;
			buildConfigurationList = F7C7416627C2A52200079F17 /* Build configuration list for PBXNativeTarget "CardDiary_220221Tests" */;
			buildPhases = (
				F7C7414B27C2A52200079F17 /* Sources */,
				F7C7414C27C2A52200079F17 /* Frameworks */,
				F7C7414D27C2A52200079F17 /* Resources */,
			);
			buildRules = (
			);
			dependencies = (
				F7C7415127C2A52200079F17 /* PBXTargetDependency */,
			);
			name = CardDiary_220221Tests;
			productName = CardDiary_220221Tests;
			productReference = F7C7414F27C2A52200079F17 /* CardDiary_220221Tests.xctest */;
			productType = "com.apple.product-type.bundle.unit-test";
		};
		F7C7415827C2A52200079F17 /* CardDiary_220221UITests */ = {
			isa = PBXNativeTarget;
			buildConfigurationList = F7C7416927C2A52200079F17 /* Build configuration list for PBXNativeTarget "CardDiary_220221UITests" */;
			buildPhases = (
				F7C7415527C2A52200079F17 /* Sources */,
				F7C7415627C2A52200079F17 /* Frameworks */,
				F7C7415727C2A52200079F17 /* Resources */,
			);
			buildRules = (
			);
			dependencies = (
				F7C7415B27C2A52200079F17 /* PBXTargetDependency */,
			);
			name = CardDiary_220221UITests;
			productName = CardDiary_220221UITests;
			productReference = F7C7415927C2A52200079F17 /* CardDiary_220221UITests.xctest */;
			productType = "com.apple.product-type.bundle.ui-testing";
		};
/* End PBXNativeTarget section */

/* Begin PBXProject section */
		F7C7413127C2A52000079F17 /* Project object */ = {
			isa = PBXProject;
			attributes = {
				BuildIndependentTargetsInParallel = 1;
				LastSwiftUpdateCheck = 1320;
				LastUpgradeCheck = 1320;
				TargetAttributes = {
					F7C7413827C2A52100079F17 = {
						CreatedOnToolsVersion = 13.2.1;
					};
					F7C7414E27C2A52200079F17 = {
						CreatedOnToolsVersion = 13.2.1;
						TestTargetID = F7C7413827C2A52100079F17;
					};
					F7C7415827C2A52200079F17 = {
						CreatedOnToolsVersion = 13.2.1;
						TestTargetID = F7C7413827C2A52100079F17;
					};
				};
			};
			buildConfigurationList = F7C7413427C2A52000079F17 /* Build configuration list for PBXProject "CardDiary_220221" */;
			compatibilityVersion = "Xcode 13.0";
			developmentRegion = en;
			hasScannedForEncodings = 0;
			knownRegions = (
				en,
				Base,
			);
			mainGroup = F7C7413027C2A52000079F17;
			productRefGroup = F7C7413A27C2A52100079F17 /* Products */;
			projectDirPath = "";
			projectRoot = "";
			targets = (
				F7C7413827C2A52100079F17 /* CardDiary_220221 */,
				F7C7414E27C2A52200079F17 /* CardDiary_220221Tests */,
				F7C7415827C2A52200079F17 /* CardDiary_220221UITests */,
			);
		};
/* End PBXProject section */

/* Begin PBXResourcesBuildPhase section */
		F7C7413727C2A52100079F17 /* Resources */ = {
			isa = PBXResourcesBuildPhase;
			buildActionMask = 2147483647;
			files = (
				F7C7414927C2A52200079F17 /* LaunchScreen.storyboard in Resources */,
				F7B35F8D27CC69F6008E7A9A /* CustomView.xib in Resources */,
				F7C7414627C2A52200079F17 /* Assets.xcassets in Resources */,
				F7C7414427C2A52100079F17 /* Main.storyboard in Resources */,
			);
			runOnlyForDeploymentPostprocessing = 0;
		};
		F7C7414D27C2A52200079F17 /* Resources */ = {
			isa = PBXResourcesBuildPhase;
			buildActionMask = 2147483647;
			files = (
			);
			runOnlyForDeploymentPostprocessing = 0;
		};
		F7C7415727C2A52200079F17 /* Resources */ = {
			isa = PBXResourcesBuildPhase;
			buildActionMask = 2147483647;
			files = (
			);
			runOnlyForDeploymentPostprocessing = 0;
		};
/* End PBXResourcesBuildPhase section */

/* Begin PBXSourcesBuildPhase section */
		F7C7413527C2A52100079F17 /* Sources */ = {
			isa = PBXSourcesBuildPhase;
			buildActionMask = 2147483647;
			files = (
				F71F309127D1113B0066E4B9 /* CellUICollectionViewCell.swift in Sources */,
				F7C7414127C2A52100079F17 /* HistoryViewController.swift in Sources */,
				F7B35F8B27CC69EA008E7A9A /* CustomView.swift in Sources */,
				F7C7413D27C2A52100079F17 /* AppDelegate.swift in Sources */,
				F7C7413F27C2A52100079F17 /* SceneDelegate.swift in Sources */,
				F71F309A27D1B4DC0066E4B9 /* MainViewController.swift in Sources */,
			);
			runOnlyForDeploymentPostprocessing = 0;
		};
		F7C7414B27C2A52200079F17 /* Sources */ = {
			isa = PBXSourcesBuildPhase;
			buildActionMask = 2147483647;
			files = (
				F7C7415427C2A52200079F17 /* CardDiary_220221Tests.swift in Sources */,
			);
			runOnlyForDeploymentPostprocessing = 0;
		};
		F7C7415527C2A52200079F17 /* Sources */ = {
			isa = PBXSourcesBuildPhase;
			buildActionMask = 2147483647;
			files = (
				F7C7415E27C2A52200079F17 /* CardDiary_220221UITests.swift in Sources */,
				F7C7416027C2A52200079F17 /* CardDiary_220221UITestsLaunchTests.swift in Sources */,
			);
			runOnlyForDeploymentPostprocessing = 0;
		};
/* End PBXSourcesBuildPhase section */

/* Begin PBXTargetDependency section */
		F7C7415127C2A52200079F17 /* PBXTargetDependency */ = {
			isa = PBXTargetDependency;
			target = F7C7413827C2A52100079F17 /* CardDiary_220221 */;
			targetProxy = F7C7415027C2A52200079F17 /* PBXContainerItemProxy */;
		};
		F7C7415B27C2A52200079F17 /* PBXTargetDependency */ = {
			isa = PBXTargetDependency;
			target = F7C7413827C2A52100079F17 /* CardDiary_220221 */;
			targetProxy = F7C7415A27C2A52200079F17 /* PBXContainerItemProxy */;
		};
/* End PBXTargetDependency section */

/* Begin PBXVariantGroup section */
		F7C7414227C2A52100079F17 /* Main.storyboard */ = {
			isa = PBXVariantGroup;
			children = (
				F7C7414327C2A52100079F17 /* Base */,
			);
			name = Main.storyboard;
			sourceTree = "<group>";
		};
		F7C7414727C2A52200079F17 /* LaunchScreen.storyboard */ = {
			isa = PBXVariantGroup;
			children = (
				F7C7414827C2A52200079F17 /* Base */,
			);
			name = LaunchScreen.storyboard;
			sourceTree = "<group>";
		};
/* End PBXVariantGroup section */

/* Begin XCBuildConfiguration section */
		F7C7416127C2A52200079F17 /* Debug */ = {
			isa = XCBuildConfiguration;
			buildSettings = {
				ALWAYS_SEARCH_USER_PATHS = NO;
				CLANG_ANALYZER_NONNULL = YES;
				CLANG_ANALYZER_NUMBER_OBJECT_CONVERSION = YES_AGGRESSIVE;
				CLANG_CXX_LANGUAGE_STANDARD = "gnu++17";
				CLANG_CXX_LIBRARY = "libc++";
				CLANG_ENABLE_MODULES = YES;
				CLANG_ENABLE_OBJC_ARC = YES;
				CLANG_ENABLE_OBJC_WEAK = YES;
				CLANG_WARN_BLOCK_CAPTURE_AUTORELEASING = YES;
				CLANG_WARN_BOOL_CONVERSION = YES;
				CLANG_WARN_COMMA = YES;
				CLANG_WARN_CONSTANT_CONVERSION = YES;
				CLANG_WARN_DEPRECATED_OBJC_IMPLEMENTATIONS = YES;
				CLANG_WARN_DIRECT_OBJC_ISA_USAGE = YES_ERROR;
				CLANG_WARN_DOCUMENTATION_COMMENTS = YES;
				CLANG_WARN_EMPTY_BODY = YES;
				CLANG_WARN_ENUM_CONVERSION = YES;
				CLANG_WARN_INFINITE_RECURSION = YES;
				CLANG_WARN_INT_CONVERSION = YES;
				CLANG_WARN_NON_LITERAL_NULL_CONVERSION = YES;
				CLANG_WARN_OBJC_IMPLICIT_RETAIN_SELF = YES;
				CLANG_WARN_OBJC_LITERAL_CONVERSION = YES;
				CLANG_WARN_OBJC_ROOT_CLASS = YES_ERROR;
				CLANG_WARN_QUOTED_INCLUDE_IN_FRAMEWORK_HEADER = YES;
				CLANG_WARN_RANGE_LOOP_ANALYSIS = YES;
				CLANG_WARN_STRICT_PROTOTYPES = YES;
				CLANG_WARN_SUSPICIOUS_MOVE = YES;
				CLANG_WARN_UNGUARDED_AVAILABILITY = YES_AGGRESSIVE;
				CLANG_WARN_UNREACHABLE_CODE = YES;
				CLANG_WARN__DUPLICATE_METHOD_MATCH = YES;
				COPY_PHASE_STRIP = NO;
				DEBUG_INFORMATION_FORMAT = dwarf;
				ENABLE_STRICT_OBJC_MSGSEND = YES;
				ENABLE_TESTABILITY = YES;
				GCC_C_LANGUAGE_STANDARD = gnu11;
				GCC_DYNAMIC_NO_PIC = NO;
				GCC_NO_COMMON_BLOCKS = YES;
				GCC_OPTIMIZATION_LEVEL = 0;
				GCC_PREPROCESSOR_DEFINITIONS = (
					"DEBUG=1",
					"$(inherited)",
				);
				GCC_WARN_64_TO_32_BIT_CONVERSION = YES;
				GCC_WARN_ABOUT_RETURN_TYPE = YES_ERROR;
				GCC_WARN_UNDECLARED_SELECTOR = YES;
				GCC_WARN_UNINITIALIZED_AUTOS = YES_AGGRESSIVE;
				GCC_WARN_UNUSED_FUNCTION = YES;
				GCC_WARN_UNUSED_VARIABLE = YES;
				IPHONEOS_DEPLOYMENT_TARGET = 15.2;
				MTL_ENABLE_DEBUG_INFO = INCLUDE_SOURCE;
				MTL_FAST_MATH = YES;
				ONLY_ACTIVE_ARCH = YES;
				SDKROOT = iphoneos;
				SWIFT_ACTIVE_COMPILATION_CONDITIONS = DEBUG;
				SWIFT_OPTIMIZATION_LEVEL = "-Onone";
			};
			name = Debug;
		};
		F7C7416227C2A52200079F17 /* Release */ = {
			isa = XCBuildConfiguration;
			buildSettings = {
				ALWAYS_SEARCH_USER_PATHS = NO;
				CLANG_ANALYZER_NONNULL = YES;
				CLANG_ANALYZER_NUMBER_OBJECT_CONVERSION = YES_AGGRESSIVE;
				CLANG_CXX_LANGUAGE_STANDARD = "gnu++17";
				CLANG_CXX_LIBRARY = "libc++";
				CLANG_ENABLE_MODULES = YES;
				CLANG_ENABLE_OBJC_ARC = YES;
				CLANG_ENABLE_OBJC_WEAK = YES;
				CLANG_WARN_BLOCK_CAPTURE_AUTORELEASING = YES;
				CLANG_WARN_BOOL_CONVERSION = YES;
				CLANG_WARN_COMMA = YES;
				CLANG_WARN_CONSTANT_CONVERSION = YES;
				CLANG_WARN_DEPRECATED_OBJC_IMPLEMENTATIONS = YES;
				CLANG_WARN_DIRECT_OBJC_ISA_USAGE = YES_ERROR;
				CLANG_WARN_DOCUMENTATION_COMMENTS = YES;
				CLANG_WARN_EMPTY_BODY = YES;
				CLANG_WARN_ENUM_CONVERSION = YES;
				CLANG_WARN_INFINITE_RECURSION = YES;
				CLANG_WARN_INT_CONVERSION = YES;
				CLANG_WARN_NON_LITERAL_NULL_CONVERSION = YES;
				CLANG_WARN_OBJC_IMPLICIT_RETAIN_SELF = YES;
				CLANG_WARN_OBJC_LITERAL_CONVERSION = YES;
				CLANG_WARN_OBJC_ROOT_CLASS = YES_ERROR;
				CLANG_WARN_QUOTED_INCLUDE_IN_FRAMEWORK_HEADER = YES;
				CLANG_WARN_RANGE_LOOP_ANALYSIS = YES;
				CLANG_WARN_STRICT_PROTOTYPES = YES;
				CLANG_WARN_SUSPICIOUS_MOVE = YES;
				CLANG_WARN_UNGUARDED_AVAILABILITY = YES_AGGRESSIVE;
				CLANG_WARN_UNREACHABLE_CODE = YES;
				CLANG_WARN__DUPLICATE_METHOD_MATCH = YES;
				COPY_PHASE_STRIP = NO;
				DEBUG_INFORMATION_FORMAT = "dwarf-with-dsym";
				ENABLE_NS_ASSERTIONS = NO;
				ENABLE_STRICT_OBJC_MSGSEND = YES;
				GCC_C_LANGUAGE_STANDARD = gnu11;
				GCC_NO_COMMON_BLOCKS = YES;
				GCC_WARN_64_TO_32_BIT_CONVERSION = YES;
				GCC_WARN_ABOUT_RETURN_TYPE = YES_ERROR;
				GCC_WARN_UNDECLARED_SELECTOR = YES;
				GCC_WARN_UNINITIALIZED_AUTOS = YES_AGGRESSIVE;
				GCC_WARN_UNUSED_FUNCTION = YES;
				GCC_WARN_UNUSED_VARIABLE = YES;
				IPHONEOS_DEPLOYMENT_TARGET = 15.2;
				MTL_ENABLE_DEBUG_INFO = NO;
				MTL_FAST_MATH = YES;
				SDKROOT = iphoneos;
				SWIFT_COMPILATION_MODE = wholemodule;
				SWIFT_OPTIMIZATION_LEVEL = "-O";
				VALIDATE_PRODUCT = YES;
			};
			name = Release;
		};
		F7C7416427C2A52200079F17 /* Debug */ = {
			isa = XCBuildConfiguration;
			buildSettings = {
				ASSETCATALOG_COMPILER_APPICON_NAME = AppIcon;
				ASSETCATALOG_COMPILER_GLOBAL_ACCENT_COLOR_NAME = AccentColor;
				CODE_SIGN_STYLE = Automatic;
				CURRENT_PROJECT_VERSION = 1;
				DEVELOPMENT_TEAM = MZ4538JV6D;
				GENERATE_INFOPLIST_FILE = YES;
				INFOPLIST_FILE = CardDiary_220221/Info.plist;
				INFOPLIST_KEY_UIApplicationSupportsIndirectInputEvents = YES;
				INFOPLIST_KEY_UILaunchStoryboardName = LaunchScreen;
				INFOPLIST_KEY_UIMainStoryboardFile = Main;
				INFOPLIST_KEY_UISupportedInterfaceOrientations_iPad = "UIInterfaceOrientationPortrait UIInterfaceOrientationPortraitUpsideDown UIInterfaceOrientationLandscapeLeft UIInterfaceOrientationLandscapeRight";
				INFOPLIST_KEY_UISupportedInterfaceOrientations_iPhone = "UIInterfaceOrientationPortrait UIInterfaceOrientationLandscapeLeft UIInterfaceOrientationLandscapeRight";
				LD_RUNPATH_SEARCH_PATHS = (
					"$(inherited)",
					"@executable_path/Frameworks",
				);
				MARKETING_VERSION = 1.0;
				PRODUCT_BUNDLE_IDENTIFIER = "com.test.test.CardDiary-220221";
				PRODUCT_NAME = "$(TARGET_NAME)";
				SWIFT_EMIT_LOC_STRINGS = YES;
				SWIFT_VERSION = 5.0;
				TARGETED_DEVICE_FAMILY = "1,2";
			};
			name = Debug;
		};
		F7C7416527C2A52200079F17 /* Release */ = {
			isa = XCBuildConfiguration;
			buildSettings = {
				ASSETCATALOG_COMPILER_APPICON_NAME = AppIcon;
				ASSETCATALOG_COMPILER_GLOBAL_ACCENT_COLOR_NAME = AccentColor;
				CODE_SIGN_STYLE = Automatic;
				CURRENT_PROJECT_VERSION = 1;
				DEVELOPMENT_TEAM = MZ4538JV6D;
				GENERATE_INFOPLIST_FILE = YES;
				INFOPLIST_FILE = CardDiary_220221/Info.plist;
				INFOPLIST_KEY_UIApplicationSupportsIndirectInputEvents = YES;
				INFOPLIST_KEY_UILaunchStoryboardName = LaunchScreen;
				INFOPLIST_KEY_UIMainStoryboardFile = Main;
				INFOPLIST_KEY_UISupportedInterfaceOrientations_iPad = "UIInterfaceOrientationPortrait UIInterfaceOrientationPortraitUpsideDown UIInterfaceOrientationLandscapeLeft UIInterfaceOrientationLandscapeRight";
				INFOPLIST_KEY_UISupportedInterfaceOrientations_iPhone = "UIInterfaceOrientationPortrait UIInterfaceOrientationLandscapeLeft UIInterfaceOrientationLandscapeRight";
				LD_RUNPATH_SEARCH_PATHS = (
					"$(inherited)",
					"@executable_path/Frameworks",
				);
				MARKETING_VERSION = 1.0;
				PRODUCT_BUNDLE_IDENTIFIER = "com.test.test.CardDiary-220221";
				PRODUCT_NAME = "$(TARGET_NAME)";
				SWIFT_EMIT_LOC_STRINGS = YES;
				SWIFT_VERSION = 5.0;
				TARGETED_DEVICE_FAMILY = "1,2";
			};
			name = Release;
		};
		F7C7416727C2A52200079F17 /* Debug */ = {
			isa = XCBuildConfiguration;
			buildSettings = {
				ALWAYS_EMBED_SWIFT_STANDARD_LIBRARIES = YES;
				BUNDLE_LOADER = "$(TEST_HOST)";
				CODE_SIGN_STYLE = Automatic;
				CURRENT_PROJECT_VERSION = 1;
				GENERATE_INFOPLIST_FILE = YES;
				IPHONEOS_DEPLOYMENT_TARGET = 15.2;
				MARKETING_VERSION = 1.0;
				PRODUCT_BUNDLE_IDENTIFIER = "com.test.test.CardDiary-220221Tests";
				PRODUCT_NAME = "$(TARGET_NAME)";
				SWIFT_EMIT_LOC_STRINGS = NO;
				SWIFT_VERSION = 5.0;
				TARGETED_DEVICE_FAMILY = "1,2";
				TEST_HOST = "$(BUILT_PRODUCTS_DIR)/CardDiary_220221.app/CardDiary_220221";
			};
			name = Debug;
		};
		F7C7416827C2A52200079F17 /* Release */ = {
			isa = XCBuildConfiguration;
			buildSettings = {
				ALWAYS_EMBED_SWIFT_STANDARD_LIBRARIES = YES;
				BUNDLE_LOADER = "$(TEST_HOST)";
				CODE_SIGN_STYLE = Automatic;
				CURRENT_PROJECT_VERSION = 1;
				GENERATE_INFOPLIST_FILE = YES;
				IPHONEOS_DEPLOYMENT_TARGET = 15.2;
				MARKETING_VERSION = 1.0;
				PRODUCT_BUNDLE_IDENTIFIER = "com.test.test.CardDiary-220221Tests";
				PRODUCT_NAME = "$(TARGET_NAME)";
				SWIFT_EMIT_LOC_STRINGS = NO;
				SWIFT_VERSION = 5.0;
				TARGETED_DEVICE_FAMILY = "1,2";
				TEST_HOST = "$(BUILT_PRODUCTS_DIR)/CardDiary_220221.app/CardDiary_220221";
			};
			name = Release;
		};
		F7C7416A27C2A52200079F17 /* Debug */ = {
			isa = XCBuildConfiguration;
			buildSettings = {
				ALWAYS_EMBED_SWIFT_STANDARD_LIBRARIES = YES;
				CODE_SIGN_STYLE = Automatic;
				CURRENT_PROJECT_VERSION = 1;
				GENERATE_INFOPLIST_FILE = YES;
				MARKETING_VERSION = 1.0;
				PRODUCT_BUNDLE_IDENTIFIER = "com.test.test.CardDiary-220221UITests";
				PRODUCT_NAME = "$(TARGET_NAME)";
				SWIFT_EMIT_LOC_STRINGS = NO;
				SWIFT_VERSION = 5.0;
				TARGETED_DEVICE_FAMILY = "1,2";
				TEST_TARGET_NAME = CardDiary_220221;
			};
			name = Debug;
		};
		F7C7416B27C2A52200079F17 /* Release */ = {
			isa = XCBuildConfiguration;
			buildSettings = {
				ALWAYS_EMBED_SWIFT_STANDARD_LIBRARIES = YES;
				CODE_SIGN_STYLE = Automatic;
				CURRENT_PROJECT_VERSION = 1;
				GENERATE_INFOPLIST_FILE = YES;
				MARKETING_VERSION = 1.0;
				PRODUCT_BUNDLE_IDENTIFIER = "com.test.test.CardDiary-220221UITests";
				PRODUCT_NAME = "$(TARGET_NAME)";
				SWIFT_EMIT_LOC_STRINGS = NO;
				SWIFT_VERSION = 5.0;
				TARGETED_DEVICE_FAMILY = "1,2";
				TEST_TARGET_NAME = CardDiary_220221;
			};
			name = Release;
		};
/* End XCBuildConfiguration section */

/* Begin XCConfigurationList section */
		F7C7413427C2A52000079F17 /* Build configuration list for PBXProject "CardDiary_220221" */ = {
			isa = XCConfigurationList;
			buildConfigurations = (
				F7C7416127C2A52200079F17 /* Debug */,
				F7C7416227C2A52200079F17 /* Release */,
			);
			defaultConfigurationIsVisible = 0;
			defaultConfigurationName = Release;
		};
		F7C7416327C2A52200079F17 /* Build configuration list for PBXNativeTarget "CardDiary_220221" */ = {
			isa = XCConfigurationList;
			buildConfigurations = (
				F7C7416427C2A52200079F17 /* Debug */,
				F7C7416527C2A52200079F17 /* Release */,
			);
			defaultConfigurationIsVisible = 0;
			defaultConfigurationName = Release;
		};
		F7C7416627C2A52200079F17 /* Build configuration list for PBXNativeTarget "CardDiary_220221Tests" */ = {
			isa = XCConfigurationList;
			buildConfigurations = (
				F7C7416727C2A52200079F17 /* Debug */,
				F7C7416827C2A52200079F17 /* Release */,
			);
			defaultConfigurationIsVisible = 0;
			defaultConfigurationName = Release;
		};
		F7C7416927C2A52200079F17 /* Build configuration list for PBXNativeTarget "CardDiary_220221UITests" */ = {
			isa = XCConfigurationList;
			buildConfigurations = (
				F7C7416A27C2A52200079F17 /* Debug */,
				F7C7416B27C2A52200079F17 /* Release */,
			);
			defaultConfigurationIsVisible = 0;
			defaultConfigurationName = Release;
		};
/* End XCConfigurationList section */
	};
	rootObject = F7C7413127C2A52000079F17 /* Project object */;
}
